
Microsoft Visual Studio Solution File, Format Version 12.00
# Visual Studio Version 17
VisualStudioVersion = 17.12.35527.113 d17.12
MinimumVisualStudioVersion = 10.0.40219.1
Project("{FAE04EC0-301F-11D3-BF4B-00C04F79EFBC}") = "BookRatingManager.API", "BookRatingManager.API\BookRatingManager.API.csproj", "{A5978092-5A40-477E-B581-C5C853A316C9}"
EndProject
Project("{FAE04EC0-301F-11D3-BF4B-00C04F79EFBC}") = "BookRatingManager.Core", "BookRatingManager.Core\BookRatingManager.Core.csproj", "{BD66E2AF-48A1-4C31-8A0C-1924F62103FF}"
EndProject
Project("{FAE04EC0-301F-11D3-BF4B-00C04F79EFBC}") = "BookRatingManager.Application", "BookRatingManager.Application\BookRatingManager.Application.csproj", "{632FFB03-EC8F-4596-967C-01D5BBD64CA9}"
EndProject
Project("{FAE04EC0-301F-11D3-BF4B-00C04F79EFBC}") = "BookRatingManager.Infrastructure", "BookRatingManager.Infrastructure\BookRatingManager.Infrastructure.csproj", "{0E60E034-6A6A-401D-BB66-80AE3701EBAC}"
EndProject
Global
	GlobalSection(SolutionConfigurationPlatforms) = preSolution
		Debug|Any CPU = Debug|Any CPU
		Release|Any CPU = Release|Any CPU
	EndGlobalSection
	GlobalSection(ProjectConfigurationPlatforms) = postSolution
		{A5978092-5A40-477E-B581-C5C853A316C9}.Debug|Any CPU.ActiveCfg = Debug|Any CPU
		{A5978092-5A40-477E-B581-C5C853A316C9}.Debug|Any CPU.Build.0 = Debug|Any CPU
		{A5978092-5A40-477E-B581-C5C853A316C9}.Release|Any CPU.ActiveCfg = Release|Any CPU
		{A5978092-5A40-477E-B581-C5C853A316C9}.Release|Any CPU.Build.0 = Release|Any CPU
		{BD66E2AF-48A1-4C31-8A0C-1924F62103FF}.Debug|Any CPU.ActiveCfg = Debug|Any CPU
		{BD66E2AF-48A1-4C31-8A0C-1924F62103FF}.Debug|Any CPU.Build.0 = Debug|Any CPU
		{BD66E2AF-48A1-4C31-8A0C-1924F62103FF}.Release|Any CPU.ActiveCfg = Release|Any CPU
		{BD66E2AF-48A1-4C31-8A0C-1924F62103FF}.Release|Any CPU.Build.0 = Release|Any CPU
		{632FFB03-EC8F-4596-967C-01D5BBD64CA9}.Debug|Any CPU.ActiveCfg = Debug|Any CPU
		{632FFB03-EC8F-4596-967C-01D5BBD64CA9}.Debug|Any CPU.Build.0 = Debug|Any CPU
		{632FFB03-EC8F-4596-967C-01D5BBD64CA9}.Release|Any CPU.ActiveCfg = Release|Any CPU
		{632FFB03-EC8F-4596-967C-01D5BBD64CA9}.Release|Any CPU.Build.0 = Release|Any CPU
		{0E60E034-6A6A-401D-BB66-80AE3701EBAC}.Debug|Any CPU.ActiveCfg = Debug|Any CPU
		{0E60E034-6A6A-401D-BB66-80AE3701EBAC}.Debug|Any CPU.Build.0 = Debug|Any CPU
		{0E60E034-6A6A-401D-BB66-80AE3701EBAC}.Release|Any CPU.ActiveCfg = Release|Any CPU
		{0E60E034-6A6A-401D-BB66-80AE3701EBAC}.Release|Any CPU.Build.0 = Release|Any CPU
	EndGlobalSection
	GlobalSection(SolutionProperties) = preSolution
		HideSolutionNode = FALSE
	EndGlobalSection
EndGlobal
